
Microsoft Visual Studio Solution File, Format Version 12.00
# Visual Studio Version 16
VisualStudioVersion = 16.0.31321.278
MinimumVisualStudioVersion = 10.0.40219.1
Project("{FAE04EC0-301F-11D3-BF4B-00C04F79EFBC}") = "OOP. Lab 14", "OOP. Lab 14\OOP. Lab 14.csproj", "{818D019B-08AA-4A16-9D30-B4B74811E7E1}"
EndProject
Global
	GlobalSection(SolutionConfigurationPlatforms) = preSolution
		Debug|Any CPU = Debug|Any CPU
		Release|Any CPU = Release|Any CPU
	EndGlobalSection
	GlobalSection(ProjectConfigurationPlatforms) = postSolution
		{818D019B-08AA-4A16-9D30-B4B74811E7E1}.Debug|Any CPU.ActiveCfg = Debug|Any CPU
		{818D019B-08AA-4A16-9D30-B4B74811E7E1}.Debug|Any CPU.Build.0 = Debug|Any CPU
		{818D019B-08AA-4A16-9D30-B4B74811E7E1}.Release|Any CPU.ActiveCfg = Release|Any CPU
		{818D019B-08AA-4A16-9D30-B4B74811E7E1}.Release|Any CPU.Build.0 = Release|Any CPU
	EndGlobalSection
	GlobalSection(SolutionProperties) = preSolution
		HideSolutionNode = FALSE
	EndGlobalSection
	GlobalSection(ExtensibilityGlobals) = postSolution
		SolutionGuid = {D7B65157-6D13-48C1-B0B9-BD0259EF0690}
	EndGlobalSection
EndGlobal
